# THIS IS AN AUTOGENERATED FILE. DO NOT EDIT THIS FILE DIRECTLY.
# yarn lockfile v1


add@^2.0.6:
  version "2.0.6"
  resolved "https://registry.yarnpkg.com/add/-/add-2.0.6.tgz#248f0a9f6e5a528ef2295dbeec30532130ae2235"

jquery@^3.3.1:
  version "3.3.1"
  resolved "https://registry.yarnpkg.com/jquery/-/jquery-3.3.1.tgz#958ce29e81c9790f31be7792df5d4d95fc57fbca"

popper.js@^1.14.4:
  version "1.14.4"
  resolved "https://registry.yarnpkg.com/popper.js/-/popper.js-1.14.4.tgz#8eec1d8ff02a5a3a152dd43414a15c7b79fd69b6"

yarn@^1.9.4:
  version "1.9.4"
  resolved "https://registry.yarnpkg.com/yarn/-/yarn-1.9.4.tgz#3b82d8446b652775723900b470d966861976924b"
